
Microsoft Visual Studio Solution File, Format Version 12.00
# Visual Studio Version 17
VisualStudioVersion = 17.14.36623.8 d17.14
MinimumVisualStudioVersion = 10.0.40219.1
Project("{FAE04EC0-301F-11D3-BF4B-00C04F79EFBC}") = "WeatherForecast.Api", "WeatherForecast.Api\WeatherForecast.Api.csproj", "{592F572A-61E0-4F98-8ECD-D910E45E5916}"
EndProject
Global
	GlobalSection(SolutionConfigurationPlatforms) = preSolution
		Debug|Any CPU = Debug|Any CPU
		Release|Any CPU = Release|Any CPU
	EndGlobalSection
	GlobalSection(ProjectConfigurationPlatforms) = postSolution
		{592F572A-61E0-4F98-8ECD-D910E45E5916}.Debug|Any CPU.ActiveCfg = Debug|Any CPU
		{592F572A-61E0-4F98-8ECD-D910E45E5916}.Debug|Any CPU.Build.0 = Debug|Any CPU
		{592F572A-61E0-4F98-8ECD-D910E45E5916}.Release|Any CPU.ActiveCfg = Release|Any CPU
		{592F572A-61E0-4F98-8ECD-D910E45E5916}.Release|Any CPU.Build.0 = Release|Any CPU
	EndGlobalSection
	GlobalSection(SolutionProperties) = preSolution
		HideSolutionNode = FALSE
	EndGlobalSection
	GlobalSection(ExtensibilityGlobals) = postSolution
		SolutionGuid = {D16EAC43-E5B2-4AAC-B81E-3C65D6C93558}
	EndGlobalSection
EndGlobal
